
Microsoft Visual Studio Solution File, Format Version 12.00
# Visual Studio Version 17
VisualStudioVersion = 17.0.31903.59
MinimumVisualStudioVersion = 10.0.40219.1
Project("{2150E333-8FDC-42A3-9474-1A3956D46DE8}") = "src", "src", "{827E0CD3-B72D-47B6-A68D-7590B98EB39B}"
EndProject
Project("{FAE04EC0-301F-11D3-BF4B-00C04F79EFBC}") = "NuitsJp.GistGet", "src\NuitsJp.GistGet\NuitsJp.GistGet.csproj", "{8857BCE6-3FB6-4D74-9326-CA6D9B674161}"
EndProject
Project("{FAE04EC0-301F-11D3-BF4B-00C04F79EFBC}") = "NuitsJp.GistGet.Tests", "src\NuitsJp.GistGet.Tests\NuitsJp.GistGet.Tests.csproj", "{66B4B2DF-AC42-41BC-A2BF-E7AF40B5E21D}"
EndProject
Global
	GlobalSection(SolutionConfigurationPlatforms) = preSolution
		Debug|Any CPU = Debug|Any CPU
		Debug|ARM64 = Debug|ARM64
		Debug|x64 = Debug|x64
		Debug|x86 = Debug|x86
		Release|Any CPU = Release|Any CPU
		Release|ARM64 = Release|ARM64
		Release|x64 = Release|x64
		Release|x86 = Release|x86
	EndGlobalSection
	GlobalSection(ProjectConfigurationPlatforms) = postSolution
		{8857BCE6-3FB6-4D74-9326-CA6D9B674161}.Debug|Any CPU.ActiveCfg = Debug|Any CPU
		{8857BCE6-3FB6-4D74-9326-CA6D9B674161}.Debug|Any CPU.Build.0 = Debug|Any CPU
		{8857BCE6-3FB6-4D74-9326-CA6D9B674161}.Debug|ARM64.ActiveCfg = Debug|ARM64
		{8857BCE6-3FB6-4D74-9326-CA6D9B674161}.Debug|ARM64.Build.0 = Debug|ARM64
		{8857BCE6-3FB6-4D74-9326-CA6D9B674161}.Debug|x64.ActiveCfg = Debug|x64
		{8857BCE6-3FB6-4D74-9326-CA6D9B674161}.Debug|x64.Build.0 = Debug|x64
		{8857BCE6-3FB6-4D74-9326-CA6D9B674161}.Debug|x86.ActiveCfg = Debug|x86
		{8857BCE6-3FB6-4D74-9326-CA6D9B674161}.Debug|x86.Build.0 = Debug|x86
		{8857BCE6-3FB6-4D74-9326-CA6D9B674161}.Release|Any CPU.ActiveCfg = Release|Any CPU
		{8857BCE6-3FB6-4D74-9326-CA6D9B674161}.Release|Any CPU.Build.0 = Release|Any CPU
		{8857BCE6-3FB6-4D74-9326-CA6D9B674161}.Release|ARM64.ActiveCfg = Release|ARM64
		{8857BCE6-3FB6-4D74-9326-CA6D9B674161}.Release|ARM64.Build.0 = Release|ARM64
		{8857BCE6-3FB6-4D74-9326-CA6D9B674161}.Release|x64.ActiveCfg = Release|x64
		{8857BCE6-3FB6-4D74-9326-CA6D9B674161}.Release|x64.Build.0 = Release|x64
		{8857BCE6-3FB6-4D74-9326-CA6D9B674161}.Release|x86.ActiveCfg = Release|x86
		{8857BCE6-3FB6-4D74-9326-CA6D9B674161}.Release|x86.Build.0 = Release|x86
		{66B4B2DF-AC42-41BC-A2BF-E7AF40B5E21D}.Debug|Any CPU.ActiveCfg = Debug|Any CPU
		{66B4B2DF-AC42-41BC-A2BF-E7AF40B5E21D}.Debug|Any CPU.Build.0 = Debug|Any CPU
		{66B4B2DF-AC42-41BC-A2BF-E7AF40B5E21D}.Debug|ARM64.ActiveCfg = Debug|ARM64
		{66B4B2DF-AC42-41BC-A2BF-E7AF40B5E21D}.Debug|ARM64.Build.0 = Debug|ARM64
		{66B4B2DF-AC42-41BC-A2BF-E7AF40B5E21D}.Debug|x64.ActiveCfg = Debug|x64
		{66B4B2DF-AC42-41BC-A2BF-E7AF40B5E21D}.Debug|x64.Build.0 = Debug|x64
		{66B4B2DF-AC42-41BC-A2BF-E7AF40B5E21D}.Debug|x86.ActiveCfg = Debug|x86
		{66B4B2DF-AC42-41BC-A2BF-E7AF40B5E21D}.Debug|x86.Build.0 = Debug|x86
		{66B4B2DF-AC42-41BC-A2BF-E7AF40B5E21D}.Release|Any CPU.ActiveCfg = Release|Any CPU
		{66B4B2DF-AC42-41BC-A2BF-E7AF40B5E21D}.Release|Any CPU.Build.0 = Release|Any CPU
		{66B4B2DF-AC42-41BC-A2BF-E7AF40B5E21D}.Release|ARM64.ActiveCfg = Release|ARM64
		{66B4B2DF-AC42-41BC-A2BF-E7AF40B5E21D}.Release|ARM64.Build.0 = Release|ARM64
		{66B4B2DF-AC42-41BC-A2BF-E7AF40B5E21D}.Release|x64.ActiveCfg = Release|x64
		{66B4B2DF-AC42-41BC-A2BF-E7AF40B5E21D}.Release|x64.Build.0 = Release|x64
		{66B4B2DF-AC42-41BC-A2BF-E7AF40B5E21D}.Release|x86.ActiveCfg = Release|x86
		{66B4B2DF-AC42-41BC-A2BF-E7AF40B5E21D}.Release|x86.Build.0 = Release|x86
	EndGlobalSection
	GlobalSection(SolutionProperties) = preSolution
		HideSolutionNode = FALSE
	EndGlobalSection
	GlobalSection(NestedProjects) = preSolution
		{8857BCE6-3FB6-4D74-9326-CA6D9B674161} = {827E0CD3-B72D-47B6-A68D-7590B98EB39B}
		{66B4B2DF-AC42-41BC-A2BF-E7AF40B5E21D} = {827E0CD3-B72D-47B6-A68D-7590B98EB39B}
	EndGlobalSection
EndGlobal
