<Solution>
  <Configurations>
    <Platform Name="Any CPU" />
    <Platform Name="x64" />
    <Platform Name="x86" />
  </Configurations>
  <Folder Name="/src/">
    <Project Path="src_old/GistGet.Tests/GistGet.Tests.csproj" />
    <Project Path="src_old/GistGet/GistGet.csproj" />
  </Folder>
</Solution>
