Microsoft Visual Studio Solution File, Format Version 12.00
# Visual Studio Version 17
VisualStudioVersion = 17.5.2.0
MinimumVisualStudioVersion = 10.0.40219.1
Project("{2150E333-8FDC-42A3-9474-1A3956D46DE8}") = "src", "src", "{827E0CD3-B72D-47B6-A68D-7590B98EB39B}"
EndProject
Project("{2150E333-8FDC-42A3-9474-1A3956D46DE8}") = "external", "external", "{A288BEE0-695A-BEEA-455C-649571D89326}"
EndProject
Project("{FAE04EC0-301F-11D3-BF4B-00C04F79EFBC}") = "GistGet", "src\GistGet\GistGet.csproj", "{A8A904BD-583C-576F-1854-2EF33C1C0780}"
EndProject
Project("{FAE04EC0-301F-11D3-BF4B-00C04F79EFBC}") = "GistGet.Test", "src\GistGet.Test\GistGet.Test.csproj", "{BF371391-A6A1-483C-EDA1-014274AD9406}"
EndProject
Project("{2150E333-8FDC-42A3-9474-1A3956D46DE8}") = "winget-cli", "winget-cli", "{090BE7E7-3890-AFC0-16D3-D00A14B5B3AA}"
EndProject
Project("{2150E333-8FDC-42A3-9474-1A3956D46DE8}") = "src", "src", "{FCB0417B-ED3C-4830-BD80-D951ECAC74BF}"
EndProject
Project("{FAE04EC0-301F-11D3-BF4B-00C04F79EFBC}") = "AppInstallerCLIE2ETests", "external\winget-cli\src\AppInstallerCLIE2ETests\AppInstallerCLIE2ETests.csproj", "{D9F7AD54-183F-EA7F-DE1C-B1E20D370690}"
EndProject
Project("{FAE04EC0-301F-11D3-BF4B-00C04F79EFBC}") = "ConfigurationRemotingServer", "external\winget-cli\src\ConfigurationRemotingServer\ConfigurationRemotingServer.csproj", "{636A0740-BF2C-E750-D87B-ABC15C164548}"
EndProject
Project("{FAE04EC0-301F-11D3-BF4B-00C04F79EFBC}") = "IndexCreationTool", "external\winget-cli\src\IndexCreationTool\IndexCreationTool.csproj", "{E88C1CB5-E8A2-3A03-FD54-0D27541B954B}"
EndProject
Project("{FAE04EC0-301F-11D3-BF4B-00C04F79EFBC}") = "LocalhostWebServer", "external\winget-cli\src\LocalhostWebServer\LocalhostWebServer.csproj", "{B17585FD-A296-4BB7-C029-D850C5134ED2}"
EndProject
Project("{FAE04EC0-301F-11D3-BF4B-00C04F79EFBC}") = "Microsoft.Management.Configuration.Processor", "external\winget-cli\src\Microsoft.Management.Configuration.Processor\Microsoft.Management.Configuration.Processor.csproj", "{167C4365-39A3-6440-C88F-9731FF23C8B7}"
EndProject
Project("{FAE04EC0-301F-11D3-BF4B-00C04F79EFBC}") = "Microsoft.Management.Configuration.Projection", "external\winget-cli\src\Microsoft.Management.Configuration.Projection\Microsoft.Management.Configuration.Projection.csproj", "{5DD9A1D6-0E3B-1691-74C8-C0DD416D2EEE}"
EndProject
Project("{FAE04EC0-301F-11D3-BF4B-00C04F79EFBC}") = "Microsoft.Management.Configuration.UnitTests", "external\winget-cli\src\Microsoft.Management.Configuration.UnitTests\Microsoft.Management.Configuration.UnitTests.csproj", "{DAF9C8AC-1F9E-0730-35EA-235DD71407F8}"
EndProject
Project("{FAE04EC0-301F-11D3-BF4B-00C04F79EFBC}") = "Microsoft.Management.Deployment.CsWinRTProjection", "external\winget-cli\src\Microsoft.Management.Deployment.CsWinRTProjection\Microsoft.Management.Deployment.CsWinRTProjection.csproj", "{F4FC1819-505A-7643-A55B-57AB72BDD3AE}"
EndProject
Project("{FAE04EC0-301F-11D3-BF4B-00C04F79EFBC}") = "Microsoft.Management.Deployment.Projection", "external\winget-cli\src\Microsoft.Management.Deployment.Projection\Microsoft.Management.Deployment.Projection.csproj", "{3E360422-E525-75D9-8D67-B121B317B07F}"
EndProject
Project("{FAE04EC0-301F-11D3-BF4B-00C04F79EFBC}") = "WinGetMCPServer", "external\winget-cli\src\WinGetMCPServer\WinGetMCPServer.csproj", "{0299AB46-9DF2-6A90-3356-28FFCE4A480C}"
EndProject
Project("{FAE04EC0-301F-11D3-BF4B-00C04F79EFBC}") = "WinGetSourceCreator", "external\winget-cli\src\WinGetSourceCreator\WinGetSourceCreator.csproj", "{FF9F46E1-DA4E-3D86-47E5-8079D7A432AD}"
EndProject
Project("{FAE04EC0-301F-11D3-BF4B-00C04F79EFBC}") = "WinGetTestCommon", "external\winget-cli\src\WinGetTestCommon\WinGetTestCommon.csproj", "{291C6397-D0DB-4063-442F-90FF9CDEFB81}"
EndProject
Project("{FAE04EC0-301F-11D3-BF4B-00C04F79EFBC}") = "WinGetUtilInterop", "external\winget-cli\src\WinGetUtilInterop\WinGetUtilInterop.csproj", "{834B849F-7DF6-C83E-1A70-DC1717719BF0}"
EndProject
Project("{FAE04EC0-301F-11D3-BF4B-00C04F79EFBC}") = "WinGetUtilInterop.UnitTests", "external\winget-cli\src\WinGetUtilInterop.UnitTests\WinGetUtilInterop.UnitTests.csproj", "{5E5DC034-450C-B481-FE66-A69DFD94CED6}"
EndProject
Project("{2150E333-8FDC-42A3-9474-1A3956D46DE8}") = "PowerShell", "PowerShell", "{9AF7D802-BFFA-B19C-A49F-5EA73B9DC658}"
EndProject
Project("{FAE04EC0-301F-11D3-BF4B-00C04F79EFBC}") = "Microsoft.WinGet.Client.Cmdlets", "external\winget-cli\src\PowerShell\Microsoft.WinGet.Client.Cmdlets\Microsoft.WinGet.Client.Cmdlets.csproj", "{7B7D9644-495C-7588-3BDB-89FC75413160}"
EndProject
Project("{FAE04EC0-301F-11D3-BF4B-00C04F79EFBC}") = "Microsoft.WinGet.Client.Engine", "external\winget-cli\src\PowerShell\Microsoft.WinGet.Client.Engine\Microsoft.WinGet.Client.Engine.csproj", "{B766911B-0AD9-1456-0917-81CD64E9B62F}"
EndProject
Project("{FAE04EC0-301F-11D3-BF4B-00C04F79EFBC}") = "Microsoft.WinGet.Configuration.Cmdlets", "external\winget-cli\src\PowerShell\Microsoft.WinGet.Configuration.Cmdlets\Microsoft.WinGet.Configuration.Cmdlets.csproj", "{6351295E-BEA2-21A2-E01F-C4DBDCD3D39E}"
EndProject
Project("{FAE04EC0-301F-11D3-BF4B-00C04F79EFBC}") = "Microsoft.WinGet.Configuration.Engine", "external\winget-cli\src\PowerShell\Microsoft.WinGet.Configuration.Engine\Microsoft.WinGet.Configuration.Engine.csproj", "{2CB13A83-53C4-9359-50C1-BCF893C9AE83}"
EndProject
Project("{FAE04EC0-301F-11D3-BF4B-00C04F79EFBC}") = "Microsoft.WinGet.SharedLib", "external\winget-cli\src\PowerShell\Microsoft.WinGet.SharedLib\Microsoft.WinGet.SharedLib.csproj", "{CF680B39-B818-663F-45D1-9A03B3D0847F}"
EndProject
Project("{2150E333-8FDC-42A3-9474-1A3956D46DE8}") = "samples", "samples", "{76C95ED9-EBA8-1774-8D26-3B90A59D76A6}"
EndProject
Project("{2150E333-8FDC-42A3-9474-1A3956D46DE8}") = "MinimalCallers", "MinimalCallers", "{67D8083E-208A-405D-A281-A2F3607C853C}"
EndProject
Project("{2150E333-8FDC-42A3-9474-1A3956D46DE8}") = "C#", "C#", "{3981D78D-9BDE-D2FB-4997-3BA7059AEEE6}"
EndProject
Project("{2150E333-8FDC-42A3-9474-1A3956D46DE8}") = "Configuration-InProc", "Configuration-InProc", "{A6F5AD25-6723-453C-81AC-999301455E95}"
EndProject
Project("{FAE04EC0-301F-11D3-BF4B-00C04F79EFBC}") = "C#_Configuration_InProc", "external\winget-cli\samples\MinimalCallers\C#\Configuration-InProc\C#_Configuration_InProc.csproj", "{C58113A1-FE81-5A45-CA50-3240BAFA377F}"
EndProject
Project("{2150E333-8FDC-42A3-9474-1A3956D46DE8}") = "Configuration-OutOfProc", "Configuration-OutOfProc", "{5D1B3724-1B7B-DB45-D2C7-66D5A73FCA60}"
EndProject
Project("{FAE04EC0-301F-11D3-BF4B-00C04F79EFBC}") = "C#_Configuration_OutOfProc", "external\winget-cli\samples\MinimalCallers\C#\Configuration-OutOfProc\C#_Configuration_OutOfProc.csproj", "{B8ECAA8A-5856-F0A9-52BA-DF38F2DD01FC}"
EndProject
Project("{2150E333-8FDC-42A3-9474-1A3956D46DE8}") = "WinGet-InProc", "WinGet-InProc", "{A76F99DB-E7B2-B32D-4358-0D35E1DD30D9}"
EndProject
Project("{FAE04EC0-301F-11D3-BF4B-00C04F79EFBC}") = "C#_WinGet_InProc", "external\winget-cli\samples\MinimalCallers\C#\WinGet-InProc\C#_WinGet_InProc.csproj", "{3B178F6F-D2B3-5E73-8BF8-047F0FC88E82}"
EndProject
Project("{2150E333-8FDC-42A3-9474-1A3956D46DE8}") = "WinGet-OutOfProc", "WinGet-OutOfProc", "{CCB71B66-20F0-4B34-F42B-8EC774602E4A}"
EndProject
Project("{FAE04EC0-301F-11D3-BF4B-00C04F79EFBC}") = "C#_WinGet_OutOfProc", "external\winget-cli\samples\MinimalCallers\C#\WinGet-OutOfProc\C#_WinGet_OutOfProc.csproj", "{74576E80-70C6-C0D0-DC89-5A7B9B3985FB}"
EndProject
Project("{2150E333-8FDC-42A3-9474-1A3956D46DE8}") = "Xlang", "Xlang", "{15F7FB16-B238-4160-84B1-FDE245949C43}"
EndProject
Project("{2150E333-8FDC-42A3-9474-1A3956D46DE8}") = "UndockedRegFreeWinRT", "UndockedRegFreeWinRT", "{834659C9-52FA-9718-4297-09D3DD681806}"
EndProject
Project("{2150E333-8FDC-42A3-9474-1A3956D46DE8}") = "src", "src", "{03A32D3B-778D-D225-5E9F-6AA2FAA07112}"
EndProject
Project("{2150E333-8FDC-42A3-9474-1A3956D46DE8}") = "UndockedRegFreeWinRT", "UndockedRegFreeWinRT", "{57CD5536-E956-704D-72F5-623E106263ED}"
EndProject
Project("{FAE04EC0-301F-11D3-BF4B-00C04F79EFBC}") = "mwinrtact", "external\winget-cli\src\Xlang\UndockedRegFreeWinRT\src\UndockedRegFreeWinRT\mwinrtact\mwinrtact.csproj", "{B52162F7-0FDA-938F-4F50-C8D6BE33991E}"
EndProject
Global
	GlobalSection(SolutionConfigurationPlatforms) = preSolution
		Debug|Any CPU = Debug|Any CPU
		Release|Any CPU = Release|Any CPU
	EndGlobalSection
	GlobalSection(ProjectConfigurationPlatforms) = postSolution
		{A8A904BD-583C-576F-1854-2EF33C1C0780}.Debug|Any CPU.ActiveCfg = Debug|Any CPU
		{A8A904BD-583C-576F-1854-2EF33C1C0780}.Debug|Any CPU.Build.0 = Debug|Any CPU
		{A8A904BD-583C-576F-1854-2EF33C1C0780}.Release|Any CPU.ActiveCfg = Release|Any CPU
		{A8A904BD-583C-576F-1854-2EF33C1C0780}.Release|Any CPU.Build.0 = Release|Any CPU
		{BF371391-A6A1-483C-EDA1-014274AD9406}.Debug|Any CPU.ActiveCfg = Debug|Any CPU
		{BF371391-A6A1-483C-EDA1-014274AD9406}.Debug|Any CPU.Build.0 = Debug|Any CPU
		{BF371391-A6A1-483C-EDA1-014274AD9406}.Release|Any CPU.ActiveCfg = Release|Any CPU
		{BF371391-A6A1-483C-EDA1-014274AD9406}.Release|Any CPU.Build.0 = Release|Any CPU
		{D9F7AD54-183F-EA7F-DE1C-B1E20D370690}.Debug|Any CPU.ActiveCfg = Debug|Any CPU
		{D9F7AD54-183F-EA7F-DE1C-B1E20D370690}.Debug|Any CPU.Build.0 = Debug|Any CPU
		{D9F7AD54-183F-EA7F-DE1C-B1E20D370690}.Release|Any CPU.ActiveCfg = Release|Any CPU
		{D9F7AD54-183F-EA7F-DE1C-B1E20D370690}.Release|Any CPU.Build.0 = Release|Any CPU
		{636A0740-BF2C-E750-D87B-ABC15C164548}.Debug|Any CPU.ActiveCfg = Debug|Any CPU
		{636A0740-BF2C-E750-D87B-ABC15C164548}.Debug|Any CPU.Build.0 = Debug|Any CPU
		{636A0740-BF2C-E750-D87B-ABC15C164548}.Release|Any CPU.ActiveCfg = Release|Any CPU
		{636A0740-BF2C-E750-D87B-ABC15C164548}.Release|Any CPU.Build.0 = Release|Any CPU
		{E88C1CB5-E8A2-3A03-FD54-0D27541B954B}.Debug|Any CPU.ActiveCfg = Debug|Any CPU
		{E88C1CB5-E8A2-3A03-FD54-0D27541B954B}.Debug|Any CPU.Build.0 = Debug|Any CPU
		{E88C1CB5-E8A2-3A03-FD54-0D27541B954B}.Release|Any CPU.ActiveCfg = Release|Any CPU
		{E88C1CB5-E8A2-3A03-FD54-0D27541B954B}.Release|Any CPU.Build.0 = Release|Any CPU
		{B17585FD-A296-4BB7-C029-D850C5134ED2}.Debug|Any CPU.ActiveCfg = Debug|Any CPU
		{B17585FD-A296-4BB7-C029-D850C5134ED2}.Debug|Any CPU.Build.0 = Debug|Any CPU
		{B17585FD-A296-4BB7-C029-D850C5134ED2}.Release|Any CPU.ActiveCfg = Release|Any CPU
		{B17585FD-A296-4BB7-C029-D850C5134ED2}.Release|Any CPU.Build.0 = Release|Any CPU
		{167C4365-39A3-6440-C88F-9731FF23C8B7}.Debug|Any CPU.ActiveCfg = Debug|Any CPU
		{167C4365-39A3-6440-C88F-9731FF23C8B7}.Debug|Any CPU.Build.0 = Debug|Any CPU
		{167C4365-39A3-6440-C88F-9731FF23C8B7}.Release|Any CPU.ActiveCfg = Release|Any CPU
		{167C4365-39A3-6440-C88F-9731FF23C8B7}.Release|Any CPU.Build.0 = Release|Any CPU
		{5DD9A1D6-0E3B-1691-74C8-C0DD416D2EEE}.Debug|Any CPU.ActiveCfg = Debug|Any CPU
		{5DD9A1D6-0E3B-1691-74C8-C0DD416D2EEE}.Debug|Any CPU.Build.0 = Debug|Any CPU
		{5DD9A1D6-0E3B-1691-74C8-C0DD416D2EEE}.Release|Any CPU.ActiveCfg = Release|Any CPU
		{5DD9A1D6-0E3B-1691-74C8-C0DD416D2EEE}.Release|Any CPU.Build.0 = Release|Any CPU
		{DAF9C8AC-1F9E-0730-35EA-235DD71407F8}.Debug|Any CPU.ActiveCfg = Debug|Any CPU
		{DAF9C8AC-1F9E-0730-35EA-235DD71407F8}.Debug|Any CPU.Build.0 = Debug|Any CPU
		{DAF9C8AC-1F9E-0730-35EA-235DD71407F8}.Release|Any CPU.ActiveCfg = Release|Any CPU
		{DAF9C8AC-1F9E-0730-35EA-235DD71407F8}.Release|Any CPU.Build.0 = Release|Any CPU
		{F4FC1819-505A-7643-A55B-57AB72BDD3AE}.Debug|Any CPU.ActiveCfg = Debug|Any CPU
		{F4FC1819-505A-7643-A55B-57AB72BDD3AE}.Debug|Any CPU.Build.0 = Debug|Any CPU
		{F4FC1819-505A-7643-A55B-57AB72BDD3AE}.Release|Any CPU.ActiveCfg = Release|Any CPU
		{F4FC1819-505A-7643-A55B-57AB72BDD3AE}.Release|Any CPU.Build.0 = Release|Any CPU
		{3E360422-E525-75D9-8D67-B121B317B07F}.Debug|Any CPU.ActiveCfg = Debug|Any CPU
		{3E360422-E525-75D9-8D67-B121B317B07F}.Debug|Any CPU.Build.0 = Debug|Any CPU
		{3E360422-E525-75D9-8D67-B121B317B07F}.Release|Any CPU.ActiveCfg = Release|Any CPU
		{3E360422-E525-75D9-8D67-B121B317B07F}.Release|Any CPU.Build.0 = Release|Any CPU
		{0299AB46-9DF2-6A90-3356-28FFCE4A480C}.Debug|Any CPU.ActiveCfg = Debug|Any CPU
		{0299AB46-9DF2-6A90-3356-28FFCE4A480C}.Debug|Any CPU.Build.0 = Debug|Any CPU
		{0299AB46-9DF2-6A90-3356-28FFCE4A480C}.Release|Any CPU.ActiveCfg = Release|Any CPU
		{0299AB46-9DF2-6A90-3356-28FFCE4A480C}.Release|Any CPU.Build.0 = Release|Any CPU
		{FF9F46E1-DA4E-3D86-47E5-8079D7A432AD}.Debug|Any CPU.ActiveCfg = Debug|Any CPU
		{FF9F46E1-DA4E-3D86-47E5-8079D7A432AD}.Debug|Any CPU.Build.0 = Debug|Any CPU
		{FF9F46E1-DA4E-3D86-47E5-8079D7A432AD}.Release|Any CPU.ActiveCfg = Release|Any CPU
		{FF9F46E1-DA4E-3D86-47E5-8079D7A432AD}.Release|Any CPU.Build.0 = Release|Any CPU
		{291C6397-D0DB-4063-442F-90FF9CDEFB81}.Debug|Any CPU.ActiveCfg = Debug|Any CPU
		{291C6397-D0DB-4063-442F-90FF9CDEFB81}.Debug|Any CPU.Build.0 = Debug|Any CPU
		{291C6397-D0DB-4063-442F-90FF9CDEFB81}.Release|Any CPU.ActiveCfg = Release|Any CPU
		{291C6397-D0DB-4063-442F-90FF9CDEFB81}.Release|Any CPU.Build.0 = Release|Any CPU
		{834B849F-7DF6-C83E-1A70-DC1717719BF0}.Debug|Any CPU.ActiveCfg = Debug|Any CPU
		{834B849F-7DF6-C83E-1A70-DC1717719BF0}.Debug|Any CPU.Build.0 = Debug|Any CPU
		{834B849F-7DF6-C83E-1A70-DC1717719BF0}.Release|Any CPU.ActiveCfg = Release|Any CPU
		{834B849F-7DF6-C83E-1A70-DC1717719BF0}.Release|Any CPU.Build.0 = Release|Any CPU
		{5E5DC034-450C-B481-FE66-A69DFD94CED6}.Debug|Any CPU.ActiveCfg = Debug|Any CPU
		{5E5DC034-450C-B481-FE66-A69DFD94CED6}.Debug|Any CPU.Build.0 = Debug|Any CPU
		{5E5DC034-450C-B481-FE66-A69DFD94CED6}.Release|Any CPU.ActiveCfg = Release|Any CPU
		{5E5DC034-450C-B481-FE66-A69DFD94CED6}.Release|Any CPU.Build.0 = Release|Any CPU
		{7B7D9644-495C-7588-3BDB-89FC75413160}.Debug|Any CPU.ActiveCfg = Debug|Any CPU
		{7B7D9644-495C-7588-3BDB-89FC75413160}.Debug|Any CPU.Build.0 = Debug|Any CPU
		{7B7D9644-495C-7588-3BDB-89FC75413160}.Release|Any CPU.ActiveCfg = Release|Any CPU
		{7B7D9644-495C-7588-3BDB-89FC75413160}.Release|Any CPU.Build.0 = Release|Any CPU
		{B766911B-0AD9-1456-0917-81CD64E9B62F}.Debug|Any CPU.ActiveCfg = Debug|Any CPU
		{B766911B-0AD9-1456-0917-81CD64E9B62F}.Debug|Any CPU.Build.0 = Debug|Any CPU
		{B766911B-0AD9-1456-0917-81CD64E9B62F}.Release|Any CPU.ActiveCfg = Release|Any CPU
		{B766911B-0AD9-1456-0917-81CD64E9B62F}.Release|Any CPU.Build.0 = Release|Any CPU
		{6351295E-BEA2-21A2-E01F-C4DBDCD3D39E}.Debug|Any CPU.ActiveCfg = Debug|Any CPU
		{6351295E-BEA2-21A2-E01F-C4DBDCD3D39E}.Debug|Any CPU.Build.0 = Debug|Any CPU
		{6351295E-BEA2-21A2-E01F-C4DBDCD3D39E}.Release|Any CPU.ActiveCfg = Release|Any CPU
		{6351295E-BEA2-21A2-E01F-C4DBDCD3D39E}.Release|Any CPU.Build.0 = Release|Any CPU
		{2CB13A83-53C4-9359-50C1-BCF893C9AE83}.Debug|Any CPU.ActiveCfg = Debug|Any CPU
		{2CB13A83-53C4-9359-50C1-BCF893C9AE83}.Debug|Any CPU.Build.0 = Debug|Any CPU
		{2CB13A83-53C4-9359-50C1-BCF893C9AE83}.Release|Any CPU.ActiveCfg = Release|Any CPU
		{2CB13A83-53C4-9359-50C1-BCF893C9AE83}.Release|Any CPU.Build.0 = Release|Any CPU
		{CF680B39-B818-663F-45D1-9A03B3D0847F}.Debug|Any CPU.ActiveCfg = Debug|Any CPU
		{CF680B39-B818-663F-45D1-9A03B3D0847F}.Debug|Any CPU.Build.0 = Debug|Any CPU
		{CF680B39-B818-663F-45D1-9A03B3D0847F}.Release|Any CPU.ActiveCfg = Release|Any CPU
		{CF680B39-B818-663F-45D1-9A03B3D0847F}.Release|Any CPU.Build.0 = Release|Any CPU
		{C58113A1-FE81-5A45-CA50-3240BAFA377F}.Debug|Any CPU.ActiveCfg = Debug|Any CPU
		{C58113A1-FE81-5A45-CA50-3240BAFA377F}.Debug|Any CPU.Build.0 = Debug|Any CPU
		{C58113A1-FE81-5A45-CA50-3240BAFA377F}.Release|Any CPU.ActiveCfg = Release|Any CPU
		{C58113A1-FE81-5A45-CA50-3240BAFA377F}.Release|Any CPU.Build.0 = Release|Any CPU
		{B8ECAA8A-5856-F0A9-52BA-DF38F2DD01FC}.Debug|Any CPU.ActiveCfg = Debug|Any CPU
		{B8ECAA8A-5856-F0A9-52BA-DF38F2DD01FC}.Debug|Any CPU.Build.0 = Debug|Any CPU
		{B8ECAA8A-5856-F0A9-52BA-DF38F2DD01FC}.Release|Any CPU.ActiveCfg = Release|Any CPU
		{B8ECAA8A-5856-F0A9-52BA-DF38F2DD01FC}.Release|Any CPU.Build.0 = Release|Any CPU
		{3B178F6F-D2B3-5E73-8BF8-047F0FC88E82}.Debug|Any CPU.ActiveCfg = Debug|Any CPU
		{3B178F6F-D2B3-5E73-8BF8-047F0FC88E82}.Debug|Any CPU.Build.0 = Debug|Any CPU
		{3B178F6F-D2B3-5E73-8BF8-047F0FC88E82}.Release|Any CPU.ActiveCfg = Release|Any CPU
		{3B178F6F-D2B3-5E73-8BF8-047F0FC88E82}.Release|Any CPU.Build.0 = Release|Any CPU
		{74576E80-70C6-C0D0-DC89-5A7B9B3985FB}.Debug|Any CPU.ActiveCfg = Debug|Any CPU
		{74576E80-70C6-C0D0-DC89-5A7B9B3985FB}.Debug|Any CPU.Build.0 = Debug|Any CPU
		{74576E80-70C6-C0D0-DC89-5A7B9B3985FB}.Release|Any CPU.ActiveCfg = Release|Any CPU
		{74576E80-70C6-C0D0-DC89-5A7B9B3985FB}.Release|Any CPU.Build.0 = Release|Any CPU
		{B52162F7-0FDA-938F-4F50-C8D6BE33991E}.Debug|Any CPU.ActiveCfg = Debug|Any CPU
		{B52162F7-0FDA-938F-4F50-C8D6BE33991E}.Debug|Any CPU.Build.0 = Debug|Any CPU
		{B52162F7-0FDA-938F-4F50-C8D6BE33991E}.Release|Any CPU.ActiveCfg = Release|Any CPU
		{B52162F7-0FDA-938F-4F50-C8D6BE33991E}.Release|Any CPU.Build.0 = Release|Any CPU
	EndGlobalSection
	GlobalSection(SolutionProperties) = preSolution
		HideSolutionNode = FALSE
	EndGlobalSection
	GlobalSection(NestedProjects) = preSolution
		{A8A904BD-583C-576F-1854-2EF33C1C0780} = {827E0CD3-B72D-47B6-A68D-7590B98EB39B}
		{BF371391-A6A1-483C-EDA1-014274AD9406} = {827E0CD3-B72D-47B6-A68D-7590B98EB39B}
		{090BE7E7-3890-AFC0-16D3-D00A14B5B3AA} = {A288BEE0-695A-BEEA-455C-649571D89326}
		{FCB0417B-ED3C-4830-BD80-D951ECAC74BF} = {090BE7E7-3890-AFC0-16D3-D00A14B5B3AA}
		{D9F7AD54-183F-EA7F-DE1C-B1E20D370690} = {FCB0417B-ED3C-4830-BD80-D951ECAC74BF}
		{636A0740-BF2C-E750-D87B-ABC15C164548} = {FCB0417B-ED3C-4830-BD80-D951ECAC74BF}
		{E88C1CB5-E8A2-3A03-FD54-0D27541B954B} = {FCB0417B-ED3C-4830-BD80-D951ECAC74BF}
		{B17585FD-A296-4BB7-C029-D850C5134ED2} = {FCB0417B-ED3C-4830-BD80-D951ECAC74BF}
		{167C4365-39A3-6440-C88F-9731FF23C8B7} = {FCB0417B-ED3C-4830-BD80-D951ECAC74BF}
		{5DD9A1D6-0E3B-1691-74C8-C0DD416D2EEE} = {FCB0417B-ED3C-4830-BD80-D951ECAC74BF}
		{DAF9C8AC-1F9E-0730-35EA-235DD71407F8} = {FCB0417B-ED3C-4830-BD80-D951ECAC74BF}
		{F4FC1819-505A-7643-A55B-57AB72BDD3AE} = {FCB0417B-ED3C-4830-BD80-D951ECAC74BF}
		{3E360422-E525-75D9-8D67-B121B317B07F} = {FCB0417B-ED3C-4830-BD80-D951ECAC74BF}
		{0299AB46-9DF2-6A90-3356-28FFCE4A480C} = {FCB0417B-ED3C-4830-BD80-D951ECAC74BF}
		{FF9F46E1-DA4E-3D86-47E5-8079D7A432AD} = {FCB0417B-ED3C-4830-BD80-D951ECAC74BF}
		{291C6397-D0DB-4063-442F-90FF9CDEFB81} = {FCB0417B-ED3C-4830-BD80-D951ECAC74BF}
		{834B849F-7DF6-C83E-1A70-DC1717719BF0} = {FCB0417B-ED3C-4830-BD80-D951ECAC74BF}
		{5E5DC034-450C-B481-FE66-A69DFD94CED6} = {FCB0417B-ED3C-4830-BD80-D951ECAC74BF}
		{9AF7D802-BFFA-B19C-A49F-5EA73B9DC658} = {FCB0417B-ED3C-4830-BD80-D951ECAC74BF}
		{7B7D9644-495C-7588-3BDB-89FC75413160} = {9AF7D802-BFFA-B19C-A49F-5EA73B9DC658}
		{B766911B-0AD9-1456-0917-81CD64E9B62F} = {9AF7D802-BFFA-B19C-A49F-5EA73B9DC658}
		{6351295E-BEA2-21A2-E01F-C4DBDCD3D39E} = {9AF7D802-BFFA-B19C-A49F-5EA73B9DC658}
		{2CB13A83-53C4-9359-50C1-BCF893C9AE83} = {9AF7D802-BFFA-B19C-A49F-5EA73B9DC658}
		{CF680B39-B818-663F-45D1-9A03B3D0847F} = {9AF7D802-BFFA-B19C-A49F-5EA73B9DC658}
		{76C95ED9-EBA8-1774-8D26-3B90A59D76A6} = {090BE7E7-3890-AFC0-16D3-D00A14B5B3AA}
		{67D8083E-208A-405D-A281-A2F3607C853C} = {76C95ED9-EBA8-1774-8D26-3B90A59D76A6}
		{3981D78D-9BDE-D2FB-4997-3BA7059AEEE6} = {67D8083E-208A-405D-A281-A2F3607C853C}
		{A6F5AD25-6723-453C-81AC-999301455E95} = {3981D78D-9BDE-D2FB-4997-3BA7059AEEE6}
		{C58113A1-FE81-5A45-CA50-3240BAFA377F} = {A6F5AD25-6723-453C-81AC-999301455E95}
		{5D1B3724-1B7B-DB45-D2C7-66D5A73FCA60} = {3981D78D-9BDE-D2FB-4997-3BA7059AEEE6}
		{B8ECAA8A-5856-F0A9-52BA-DF38F2DD01FC} = {5D1B3724-1B7B-DB45-D2C7-66D5A73FCA60}
		{A76F99DB-E7B2-B32D-4358-0D35E1DD30D9} = {3981D78D-9BDE-D2FB-4997-3BA7059AEEE6}
		{3B178F6F-D2B3-5E73-8BF8-047F0FC88E82} = {A76F99DB-E7B2-B32D-4358-0D35E1DD30D9}
		{CCB71B66-20F0-4B34-F42B-8EC774602E4A} = {3981D78D-9BDE-D2FB-4997-3BA7059AEEE6}
		{74576E80-70C6-C0D0-DC89-5A7B9B3985FB} = {CCB71B66-20F0-4B34-F42B-8EC774602E4A}
		{15F7FB16-B238-4160-84B1-FDE245949C43} = {FCB0417B-ED3C-4830-BD80-D951ECAC74BF}
		{834659C9-52FA-9718-4297-09D3DD681806} = {15F7FB16-B238-4160-84B1-FDE245949C43}
		{03A32D3B-778D-D225-5E9F-6AA2FAA07112} = {834659C9-52FA-9718-4297-09D3DD681806}
		{57CD5536-E956-704D-72F5-623E106263ED} = {03A32D3B-778D-D225-5E9F-6AA2FAA07112}
		{B52162F7-0FDA-938F-4F50-C8D6BE33991E} = {57CD5536-E956-704D-72F5-623E106263ED}
	EndGlobalSection
	GlobalSection(ExtensibilityGlobals) = postSolution
		SolutionGuid = {7F76F7B0-64AC-4519-A0A8-EADE3EB32CF3}
	EndGlobalSection
EndGlobal
