
Microsoft Visual Studio Solution File, Format Version 12.00
# Visual Studio Version 17
VisualStudioVersion = 17.0.31903.59
MinimumVisualStudioVersion = 10.0.40219.1
Project("{FAE04EC0-301F-11D3-BF4B-00C04F79EFBC}") = "NuitsJp.GistGet", "NuitsJp.GistGet\NuitsJp.GistGet.csproj", "{335CA17E-B6B6-405D-B071-E1F361CEEC64}"
EndProject
Project("{FAE04EC0-301F-11D3-BF4B-00C04F79EFBC}") = "NuitsJp.GistGet.Tests", "..\tests\NuitsJp.GistGet.Tests\NuitsJp.GistGet.Tests.csproj", "{A871A949-825A-71CE-C4A8-ABABC9451464}"
EndProject
Global
	GlobalSection(SolutionConfigurationPlatforms) = preSolution
		Debug|Any CPU = Debug|Any CPU
		Release|Any CPU = Release|Any CPU
	EndGlobalSection
	GlobalSection(ProjectConfigurationPlatforms) = postSolution
		{335CA17E-B6B6-405D-B071-E1F361CEEC64}.Debug|Any CPU.ActiveCfg = Debug|Any CPU
		{335CA17E-B6B6-405D-B071-E1F361CEEC64}.Debug|Any CPU.Build.0 = Debug|Any CPU
		{335CA17E-B6B6-405D-B071-E1F361CEEC64}.Release|Any CPU.ActiveCfg = Release|Any CPU
		{335CA17E-B6B6-405D-B071-E1F361CEEC64}.Release|Any CPU.Build.0 = Release|Any CPU
		{A871A949-825A-71CE-C4A8-ABABC9451464}.Debug|Any CPU.ActiveCfg = Debug|Any CPU
		{A871A949-825A-71CE-C4A8-ABABC9451464}.Debug|Any CPU.Build.0 = Debug|Any CPU
		{A871A949-825A-71CE-C4A8-ABABC9451464}.Release|Any CPU.ActiveCfg = Release|Any CPU
		{A871A949-825A-71CE-C4A8-ABABC9451464}.Release|Any CPU.Build.0 = Release|Any CPU
	EndGlobalSection
	GlobalSection(SolutionProperties) = preSolution
		HideSolutionNode = FALSE
	EndGlobalSection
	GlobalSection(ExtensibilityGlobals) = postSolution
		SolutionGuid = {365A05CF-58BD-4D6C-8626-EBEDA67022A4}
	EndGlobalSection
EndGlobal
